
Microsoft Visual Studio Solution File, Format Version 12.00
# Visual Studio Version 16
VisualStudioVersion = 16.0.30413.136
MinimumVisualStudioVersion = 10.0.40219.1
Project("{FAE04EC0-301F-11D3-BF4B-00C04F79EFBC}") = "DynamicSQLConnection", "DynamicSQLConnection\DynamicSQLConnection.csproj", "{0567761A-6909-462A-B5F9-E13E70B523D8}"
EndProject
Global
	GlobalSection(SolutionConfigurationPlatforms) = preSolution
		Debug|Any CPU = Debug|Any CPU
		Release|Any CPU = Release|Any CPU
	EndGlobalSection
	GlobalSection(ProjectConfigurationPlatforms) = postSolution
		{0567761A-6909-462A-B5F9-E13E70B523D8}.Debug|Any CPU.ActiveCfg = Debug|Any CPU
		{0567761A-6909-462A-B5F9-E13E70B523D8}.Debug|Any CPU.Build.0 = Debug|Any CPU
		{0567761A-6909-462A-B5F9-E13E70B523D8}.Release|Any CPU.ActiveCfg = Release|Any CPU
		{0567761A-6909-462A-B5F9-E13E70B523D8}.Release|Any CPU.Build.0 = Release|Any CPU
	EndGlobalSection
	GlobalSection(SolutionProperties) = preSolution
		HideSolutionNode = FALSE
	EndGlobalSection
	GlobalSection(ExtensibilityGlobals) = postSolution
		SolutionGuid = {272E09F6-B9DC-4AD4-A1EC-95DA3491EF53}
	EndGlobalSection
EndGlobal
